# @generated by Move, please check-in and do not edit manually.

[move]
version = 3
manifest_digest = "AB19298900A816E74DE6F344096B6C97C9173FF3CABD32CE95200154AC1781FF"
deps_digest = "3C4103934B1E040BB6B23F1D610B4EF9F2F1166A50A104EADCF77467C004C600"
dependencies = [
  { id = "Sui", name = "Sui" },
  { id = "Switchboard", name = "Switchboard" },
]

[[move.package]]
id = "MoveStdlib"
source = { git = "https://github.com/MystenLabs/sui.git", rev = "framework/testnet", subdir = "crates/sui-framework/packages/move-stdlib" }

[[move.package]]
id = "Sui"
source = { git = "https://github.com/MystenLabs/sui.git", rev = "framework/testnet", subdir = "crates/sui-framework/packages/sui-framework" }

dependencies = [
  { id = "MoveStdlib", name = "MoveStdlib" },
]

[[move.package]]
id = "Switchboard"
source = { git = "https://github.com/switchboard-xyz/sui.git", rev = "testnet", subdir = "on_demand/" }

dependencies = [
  { id = "Sui", name = "Sui" },
]

[move.toolchain-version]
compiler-version = "1.46.3"
edition = "2024.beta"
flavor = "sui"

[env]

[env.testnet]
chain-id = "4c78adac"
original-published-id = "0xddd1dc7afe3888a05835345ecd98cf9c91fffa987a4d749d92b1a879d5c5e3b1"
latest-published-id = "0xddd1dc7afe3888a05835345ecd98cf9c91fffa987a4d749d92b1a879d5c5e3b1"
published-version = "1"
